
Microsoft Visual Studio Solution File, Format Version 12.00
# Visual Studio 14
VisualStudioVersion = 14.0.25123.0
MinimumVisualStudioVersion = 10.0.40219.1
Project("{FAE04EC0-301F-11D3-BF4B-00C04F79EFBC}") = "ConnectAPI.App", "ConnectAPI.App\ConnectAPI.App.csproj", "{23F5A49E-8329-412A-AA0F-285BBA475F36}"
EndProject
Project("{FAE04EC0-301F-11D3-BF4B-00C04F79EFBC}") = "ConnectAPI.Common", "ConnectAPI.Common\ConnectAPI.Common.csproj", "{D65C2E7D-47EC-4B22-B5EA-D0126BE5528A}"
EndProject
Project("{FAE04EC0-301F-11D3-BF4B-00C04F79EFBC}") = "ConnectAPI.DI", "ConnectAPI.DI\ConnectAPI.DI.csproj", "{C5C03C85-6E1D-43E5-A5C1-0DDDE6288235}"
EndProject
Project("{FAE04EC0-301F-11D3-BF4B-00C04F79EFBC}") = "ConnectAPI.Repository", "ConnectAPI.Repository\ConnectAPI.Repository.csproj", "{1BCDA720-FA22-4377-90F3-6DF835520522}"
EndProject
Project("{FAE04EC0-301F-11D3-BF4B-00C04F79EFBC}") = "ConnectAPI.Domain", "ConnectAPI.Domain\ConnectAPI.Domain.csproj", "{20F33D18-6B2D-43CF-8ED3-F5AAE6B1D653}"
EndProject
Project("{2150E333-8FDC-42A3-9474-1A3956D46DE8}") = "1-API", "1-API", "{628D59CC-CDEC-43DB-B85F-E55E7D4B10A8}"
EndProject
Project("{2150E333-8FDC-42A3-9474-1A3956D46DE8}") = "2-App", "2-App", "{D4B8E47B-6F4D-413B-81F1-D1FF41419EB8}"
EndProject
Project("{2150E333-8FDC-42A3-9474-1A3956D46DE8}") = "3-Domain", "3-Domain", "{2E09A0FF-6D6B-44C8-BE49-3D0F89A96495}"
EndProject
Project("{2150E333-8FDC-42A3-9474-1A3956D46DE8}") = "4-Infra", "4-Infra", "{FFC38092-663A-4FD9-9429-E8F89165095B}"
EndProject
Project("{2150E333-8FDC-42A3-9474-1A3956D46DE8}") = "5-Shared", "5-Shared", "{9AAACF36-3493-4552-8DD7-20B144BA85E1}"
EndProject
Project("{2150E333-8FDC-42A3-9474-1A3956D46DE8}") = "6-Test", "6-Test", "{EB115CEB-450D-40E0-A674-3A25C3F014D9}"
EndProject
Project("{FAE04EC0-301F-11D3-BF4B-00C04F79EFBC}") = "Connect.API", "Connect.API\Connect.API.csproj", "{8351BC22-CD23-44BF-9D7F-31BF93A54F5D}"
EndProject
Project("{FAE04EC0-301F-11D3-BF4B-00C04F79EFBC}") = "ConnectAPI.AutoMapper", "ConnectAPI.AutoMapper\ConnectAPI.AutoMapper.csproj", "{751C6082-F2EE-4EC3-A5DE-1915CC65C809}"
EndProject
Global
	GlobalSection(SolutionConfigurationPlatforms) = preSolution
		Debug|Any CPU = Debug|Any CPU
		Release|Any CPU = Release|Any CPU
	EndGlobalSection
	GlobalSection(ProjectConfigurationPlatforms) = postSolution
		{23F5A49E-8329-412A-AA0F-285BBA475F36}.Debug|Any CPU.ActiveCfg = Debug|Any CPU
		{23F5A49E-8329-412A-AA0F-285BBA475F36}.Debug|Any CPU.Build.0 = Debug|Any CPU
		{23F5A49E-8329-412A-AA0F-285BBA475F36}.Release|Any CPU.ActiveCfg = Release|Any CPU
		{23F5A49E-8329-412A-AA0F-285BBA475F36}.Release|Any CPU.Build.0 = Release|Any CPU
		{D65C2E7D-47EC-4B22-B5EA-D0126BE5528A}.Debug|Any CPU.ActiveCfg = Debug|Any CPU
		{D65C2E7D-47EC-4B22-B5EA-D0126BE5528A}.Debug|Any CPU.Build.0 = Debug|Any CPU
		{D65C2E7D-47EC-4B22-B5EA-D0126BE5528A}.Release|Any CPU.ActiveCfg = Release|Any CPU
		{D65C2E7D-47EC-4B22-B5EA-D0126BE5528A}.Release|Any CPU.Build.0 = Release|Any CPU
		{C5C03C85-6E1D-43E5-A5C1-0DDDE6288235}.Debug|Any CPU.ActiveCfg = Debug|Any CPU
		{C5C03C85-6E1D-43E5-A5C1-0DDDE6288235}.Debug|Any CPU.Build.0 = Debug|Any CPU
		{C5C03C85-6E1D-43E5-A5C1-0DDDE6288235}.Release|Any CPU.ActiveCfg = Release|Any CPU
		{C5C03C85-6E1D-43E5-A5C1-0DDDE6288235}.Release|Any CPU.Build.0 = Release|Any CPU
		{1BCDA720-FA22-4377-90F3-6DF835520522}.Debug|Any CPU.ActiveCfg = Debug|Any CPU
		{1BCDA720-FA22-4377-90F3-6DF835520522}.Debug|Any CPU.Build.0 = Debug|Any CPU
		{1BCDA720-FA22-4377-90F3-6DF835520522}.Release|Any CPU.ActiveCfg = Release|Any CPU
		{1BCDA720-FA22-4377-90F3-6DF835520522}.Release|Any CPU.Build.0 = Release|Any CPU
		{20F33D18-6B2D-43CF-8ED3-F5AAE6B1D653}.Debug|Any CPU.ActiveCfg = Debug|Any CPU
		{20F33D18-6B2D-43CF-8ED3-F5AAE6B1D653}.Debug|Any CPU.Build.0 = Debug|Any CPU
		{20F33D18-6B2D-43CF-8ED3-F5AAE6B1D653}.Release|Any CPU.ActiveCfg = Release|Any CPU
		{20F33D18-6B2D-43CF-8ED3-F5AAE6B1D653}.Release|Any CPU.Build.0 = Release|Any CPU
		{8351BC22-CD23-44BF-9D7F-31BF93A54F5D}.Debug|Any CPU.ActiveCfg = Debug|Any CPU
		{8351BC22-CD23-44BF-9D7F-31BF93A54F5D}.Debug|Any CPU.Build.0 = Debug|Any CPU
		{8351BC22-CD23-44BF-9D7F-31BF93A54F5D}.Release|Any CPU.ActiveCfg = Release|Any CPU
		{8351BC22-CD23-44BF-9D7F-31BF93A54F5D}.Release|Any CPU.Build.0 = Release|Any CPU
		{751C6082-F2EE-4EC3-A5DE-1915CC65C809}.Debug|Any CPU.ActiveCfg = Debug|Any CPU
		{751C6082-F2EE-4EC3-A5DE-1915CC65C809}.Debug|Any CPU.Build.0 = Debug|Any CPU
		{751C6082-F2EE-4EC3-A5DE-1915CC65C809}.Release|Any CPU.ActiveCfg = Release|Any CPU
		{751C6082-F2EE-4EC3-A5DE-1915CC65C809}.Release|Any CPU.Build.0 = Release|Any CPU
	EndGlobalSection
	GlobalSection(SolutionProperties) = preSolution
		HideSolutionNode = FALSE
	EndGlobalSection
	GlobalSection(NestedProjects) = preSolution
		{23F5A49E-8329-412A-AA0F-285BBA475F36} = {D4B8E47B-6F4D-413B-81F1-D1FF41419EB8}
		{D65C2E7D-47EC-4B22-B5EA-D0126BE5528A} = {9AAACF36-3493-4552-8DD7-20B144BA85E1}
		{C5C03C85-6E1D-43E5-A5C1-0DDDE6288235} = {9AAACF36-3493-4552-8DD7-20B144BA85E1}
		{1BCDA720-FA22-4377-90F3-6DF835520522} = {FFC38092-663A-4FD9-9429-E8F89165095B}
		{20F33D18-6B2D-43CF-8ED3-F5AAE6B1D653} = {2E09A0FF-6D6B-44C8-BE49-3D0F89A96495}
		{8351BC22-CD23-44BF-9D7F-31BF93A54F5D} = {628D59CC-CDEC-43DB-B85F-E55E7D4B10A8}
		{751C6082-F2EE-4EC3-A5DE-1915CC65C809} = {9AAACF36-3493-4552-8DD7-20B144BA85E1}
	EndGlobalSection
EndGlobal
